
Microsoft Visual Studio Solution File, Format Version 12.00
# Visual Studio Version 17
VisualStudioVersion = 17.4.33103.184
MinimumVisualStudioVersion = 10.0.40219.1
Project("{FAE04EC0-301F-11D3-BF4B-00C04F79EFBC}") = "ADO.NET_Final_TASK", "ADO.NET_Final_TASK\ADO.NET_Final_TASK.csproj", "{330F3282-2798-4DE7-87B9-9E1E8B848C0C}"
EndProject
Global
	GlobalSection(SolutionConfigurationPlatforms) = preSolution
		Debug|Any CPU = Debug|Any CPU
		Release|Any CPU = Release|Any CPU
	EndGlobalSection
	GlobalSection(ProjectConfigurationPlatforms) = postSolution
		{330F3282-2798-4DE7-87B9-9E1E8B848C0C}.Debug|Any CPU.ActiveCfg = Debug|Any CPU
		{330F3282-2798-4DE7-87B9-9E1E8B848C0C}.Debug|Any CPU.Build.0 = Debug|Any CPU
		{330F3282-2798-4DE7-87B9-9E1E8B848C0C}.Release|Any CPU.ActiveCfg = Release|Any CPU
		{330F3282-2798-4DE7-87B9-9E1E8B848C0C}.Release|Any CPU.Build.0 = Release|Any CPU
	EndGlobalSection
	GlobalSection(SolutionProperties) = preSolution
		HideSolutionNode = FALSE
	EndGlobalSection
	GlobalSection(ExtensibilityGlobals) = postSolution
		SolutionGuid = {C0A9B189-861B-44D0-9300-31C40806A6F9}
	EndGlobalSection
EndGlobal
